
Microsoft Visual Studio Solution File, Format Version 12.00
# Visual Studio Version 17
VisualStudioVersion = 17.13.35617.110 d17.13
MinimumVisualStudioVersion = 10.0.40219.1
Project("{FAE04EC0-301F-11D3-BF4B-00C04F79EFBC}") = "Backend", "Backend\Backend.csproj", "{30BC5A41-4983-493B-B83E-E52D0E4E571C}"
EndProject
Global
	GlobalSection(SolutionConfigurationPlatforms) = preSolution
		Debug|Any CPU = Debug|Any CPU
		Release|Any CPU = Release|Any CPU
	EndGlobalSection
	GlobalSection(ProjectConfigurationPlatforms) = postSolution
		{30BC5A41-4983-493B-B83E-E52D0E4E571C}.Debug|Any CPU.ActiveCfg = Debug|Any CPU
		{30BC5A41-4983-493B-B83E-E52D0E4E571C}.Debug|Any CPU.Build.0 = Debug|Any CPU
		{30BC5A41-4983-493B-B83E-E52D0E4E571C}.Release|Any CPU.ActiveCfg = Release|Any CPU
		{30BC5A41-4983-493B-B83E-E52D0E4E571C}.Release|Any CPU.Build.0 = Release|Any CPU
	EndGlobalSection
	GlobalSection(SolutionProperties) = preSolution
		HideSolutionNode = FALSE
	EndGlobalSection
	GlobalSection(ExtensibilityGlobals) = postSolution
		SolutionGuid = {56F8D5A6-2B27-4EB8-AFAF-1A965ECA33F8}
	EndGlobalSection
EndGlobal
